
Microsoft Visual Studio Solution File, Format Version 12.00
# Visual Studio Version 17
VisualStudioVersion = 17.10.35004.147
MinimumVisualStudioVersion = 10.0.40219.1
Project("{FAE04EC0-301F-11D3-BF4B-00C04F79EFBC}") = "CriptoTraderHelper", "CriptoTraderHelper\CriptoTraderHelper.csproj", "{9EAF7AEE-1260-417D-8D8A-0EDE83076D2C}"
EndProject
Project("{FAE04EC0-301F-11D3-BF4B-00C04F79EFBC}") = "MexcApi", "MexcApi\MexcApi.csproj", "{3FB09B3E-1F03-4F73-9624-122A3B1483D0}"
EndProject
Project("{FAE04EC0-301F-11D3-BF4B-00C04F79EFBC}") = "Indicators", "Indicators\Indicators.csproj", "{7FB424EC-BD86-414A-A040-0F7F464A467D}"
EndProject
Project("{FAE04EC0-301F-11D3-BF4B-00C04F79EFBC}") = "Loger", "Loger\Loger.csproj", "{84713E2D-6C98-4D1D-A88F-76E2F068B21F}"
EndProject
Global
	GlobalSection(SolutionConfigurationPlatforms) = preSolution
		Debug|Any CPU = Debug|Any CPU
		Release|Any CPU = Release|Any CPU
	EndGlobalSection
	GlobalSection(ProjectConfigurationPlatforms) = postSolution
		{9EAF7AEE-1260-417D-8D8A-0EDE83076D2C}.Debug|Any CPU.ActiveCfg = Debug|Any CPU
		{9EAF7AEE-1260-417D-8D8A-0EDE83076D2C}.Debug|Any CPU.Build.0 = Debug|Any CPU
		{9EAF7AEE-1260-417D-8D8A-0EDE83076D2C}.Release|Any CPU.ActiveCfg = Release|Any CPU
		{9EAF7AEE-1260-417D-8D8A-0EDE83076D2C}.Release|Any CPU.Build.0 = Release|Any CPU
		{3FB09B3E-1F03-4F73-9624-122A3B1483D0}.Debug|Any CPU.ActiveCfg = Debug|Any CPU
		{3FB09B3E-1F03-4F73-9624-122A3B1483D0}.Debug|Any CPU.Build.0 = Debug|Any CPU
		{3FB09B3E-1F03-4F73-9624-122A3B1483D0}.Release|Any CPU.ActiveCfg = Release|Any CPU
		{3FB09B3E-1F03-4F73-9624-122A3B1483D0}.Release|Any CPU.Build.0 = Release|Any CPU
		{7FB424EC-BD86-414A-A040-0F7F464A467D}.Debug|Any CPU.ActiveCfg = Debug|Any CPU
		{7FB424EC-BD86-414A-A040-0F7F464A467D}.Debug|Any CPU.Build.0 = Debug|Any CPU
		{7FB424EC-BD86-414A-A040-0F7F464A467D}.Release|Any CPU.ActiveCfg = Release|Any CPU
		{7FB424EC-BD86-414A-A040-0F7F464A467D}.Release|Any CPU.Build.0 = Release|Any CPU
		{84713E2D-6C98-4D1D-A88F-76E2F068B21F}.Debug|Any CPU.ActiveCfg = Debug|Any CPU
		{84713E2D-6C98-4D1D-A88F-76E2F068B21F}.Debug|Any CPU.Build.0 = Debug|Any CPU
		{84713E2D-6C98-4D1D-A88F-76E2F068B21F}.Release|Any CPU.ActiveCfg = Release|Any CPU
		{84713E2D-6C98-4D1D-A88F-76E2F068B21F}.Release|Any CPU.Build.0 = Release|Any CPU
	EndGlobalSection
	GlobalSection(SolutionProperties) = preSolution
		HideSolutionNode = FALSE
	EndGlobalSection
	GlobalSection(ExtensibilityGlobals) = postSolution
		SolutionGuid = {2241CA07-C455-4208-A836-D5DC7750B5DD}
	EndGlobalSection
EndGlobal
